<Solution>
  <Folder Name="/Solution Items/">
    <File Path=".gitignore" />
  </Folder>
  <Project Path="FitnessGym.Domain/FitnessGym.Domain.csproj" Id="4d1d62a3-a28a-4e18-8e47-e55a8a3e89af" />
  <Project Path="FitnessGym.Tests/FitnessGym.Tests.csproj" Id="e5b977fa-3e08-4e36-8b6b-44940c56e500" />
</Solution>
